
Microsoft Visual Studio Solution File, Format Version 12.00
# Visual Studio 14
VisualStudioVersion = 14.0.25123.0
MinimumVisualStudioVersion = 10.0.40219.1
Project("{FAE04EC0-301F-11D3-BF4B-00C04F79EFBC}") = "MethodsPracticeSummer17", "MethodsPracticeSummer17\MethodsPracticeSummer17.csproj", "{13AEFA8A-DCBC-4FC6-9D14-D883BF5AE8B7}"
EndProject
Global
	GlobalSection(SolutionConfigurationPlatforms) = preSolution
		Debug|Any CPU = Debug|Any CPU
		Release|Any CPU = Release|Any CPU
	EndGlobalSection
	GlobalSection(ProjectConfigurationPlatforms) = postSolution
		{13AEFA8A-DCBC-4FC6-9D14-D883BF5AE8B7}.Debug|Any CPU.ActiveCfg = Debug|Any CPU
		{13AEFA8A-DCBC-4FC6-9D14-D883BF5AE8B7}.Debug|Any CPU.Build.0 = Debug|Any CPU
		{13AEFA8A-DCBC-4FC6-9D14-D883BF5AE8B7}.Release|Any CPU.ActiveCfg = Release|Any CPU
		{13AEFA8A-DCBC-4FC6-9D14-D883BF5AE8B7}.Release|Any CPU.Build.0 = Release|Any CPU
	EndGlobalSection
	GlobalSection(SolutionProperties) = preSolution
		HideSolutionNode = FALSE
	EndGlobalSection
EndGlobal
